<?xml version="1.0" encoding="UTF-8" standalone="yes" ?>
<CodeBlocks_project_file>
	<FileVersion major="1" minor="6" />
	<Project>
		<Option title="c" />
		<Option pch_mode="2" />
		<Option compiler="gcc" />
		<Build>
			<Target title="Debug">
				<Option output="bin/Debug/c" prefix_auto="1" extension_auto="1" />
				<Option object_output="obj/Debug/" />
				<Option type="1" />
				<Option compiler="gcc" />
				<Compiler>
					<Add option="-g" />
				</Compiler>
			</Target>
			<Target title="Release">
				<Option output="bin/Release/c" prefix_auto="1" extension_auto="1" />
				<Option object_output="obj/Release/" />
				<Option type="1" />
				<Option compiler="gcc" />
				<Compiler>
					<Add option="-O2" />
				</Compiler>
				<Linker>
					<Add option="-s" />
				</Linker>
			</Target>
		</Build>
		<Compiler>
			<Add option="-Wall" />
		</Compiler>
		<Unit filename="../cenima.c">
			<Option compilerVar="CC" />
		</Unit>
		<Unit filename="../client.c">
			<Option compilerVar="CC" />
		</Unit>
		<Unit filename="../client.h" />
		<Unit filename="../date.c">
			<Option compilerVar="CC" />
		</Unit>
		<Unit filename="../date.h" />
		<Unit filename="../film.c">
			<Option compilerVar="CC" />
		</Unit>
		<Unit filename="../film.h" />
		<Unit filename="../heure.c">
			<Option compilerVar="CC" />
		</Unit>
		<Unit filename="../heure.h" />
		<Unit filename="../projection.c">
			<Option compilerVar="CC" />
		</Unit>
		<Unit filename="../projection.h" />
		<Unit filename="../reservation.c">
			<Option compilerVar="CC" />
		</Unit>
		<Unit filename="../reservation.h" />
		<Unit filename="../salleCenima.c">
			<Option compilerVar="CC" />
		</Unit>
		<Unit filename="../salleCenima.h" />
		<Unit filename="client.txt" />
		<Unit filename="film.txt" />
		<Unit filename="projection.txt" />
		<Unit filename="reservation.txt" />
		<Unit filename="salleCenima.txt" />
		<Extensions>
			<lib_finder disable_auto="1" />
		</Extensions>
	</Project>
</CodeBlocks_project_file>
